
Microsoft Visual Studio Solution File, Format Version 12.00
# Visual Studio 14
VisualStudioVersion = 14.0.25420.1
MinimumVisualStudioVersion = 10.0.40219.1
Project("{FAE04EC0-301F-11D3-BF4B-00C04F79EFBC}") = "WPFGrep", "WPFGrep\WPFGrep.csproj", "{AB296CF4-633D-4C96-858F-D1982CDC77C1}"
EndProject
Project("{FAE04EC0-301F-11D3-BF4B-00C04F79EFBC}") = "Utils", "..\Utils\Utils\Utils.csproj", "{8D762AA6-63A4-4B17-A8C2-26D10ED6D7C9}"
EndProject
Global
	GlobalSection(SolutionConfigurationPlatforms) = preSolution
		Debug|Any CPU = Debug|Any CPU
		Release|Any CPU = Release|Any CPU
	EndGlobalSection
	GlobalSection(ProjectConfigurationPlatforms) = postSolution
		{AB296CF4-633D-4C96-858F-D1982CDC77C1}.Debug|Any CPU.ActiveCfg = Debug|Any CPU
		{AB296CF4-633D-4C96-858F-D1982CDC77C1}.Debug|Any CPU.Build.0 = Debug|Any CPU
		{AB296CF4-633D-4C96-858F-D1982CDC77C1}.Release|Any CPU.ActiveCfg = Release|Any CPU
		{AB296CF4-633D-4C96-858F-D1982CDC77C1}.Release|Any CPU.Build.0 = Release|Any CPU
		{8D762AA6-63A4-4B17-A8C2-26D10ED6D7C9}.Debug|Any CPU.ActiveCfg = Debug|Any CPU
		{8D762AA6-63A4-4B17-A8C2-26D10ED6D7C9}.Debug|Any CPU.Build.0 = Debug|Any CPU
		{8D762AA6-63A4-4B17-A8C2-26D10ED6D7C9}.Release|Any CPU.ActiveCfg = Release|Any CPU
		{8D762AA6-63A4-4B17-A8C2-26D10ED6D7C9}.Release|Any CPU.Build.0 = Release|Any CPU
	EndGlobalSection
	GlobalSection(SolutionProperties) = preSolution
		HideSolutionNode = FALSE
	EndGlobalSection
EndGlobal
